
Microsoft Visual Studio Solution File, Format Version 12.00
# Visual Studio Version 17
VisualStudioVersion = 17.7.34221.43
MinimumVisualStudioVersion = 10.0.40219.1
Project("{FAE04EC0-301F-11D3-BF4B-00C04F79EFBC}") = "Exemplo1", "Exemplo1\Exemplo1.csproj", "{6EF6F1CD-12B5-4B97-9C36-8EF2D27456A9}"
EndProject
Global
	GlobalSection(SolutionConfigurationPlatforms) = preSolution
		Debug|Any CPU = Debug|Any CPU
		Release|Any CPU = Release|Any CPU
	EndGlobalSection
	GlobalSection(ProjectConfigurationPlatforms) = postSolution
		{6EF6F1CD-12B5-4B97-9C36-8EF2D27456A9}.Debug|Any CPU.ActiveCfg = Debug|Any CPU
		{6EF6F1CD-12B5-4B97-9C36-8EF2D27456A9}.Debug|Any CPU.Build.0 = Debug|Any CPU
		{6EF6F1CD-12B5-4B97-9C36-8EF2D27456A9}.Release|Any CPU.ActiveCfg = Release|Any CPU
		{6EF6F1CD-12B5-4B97-9C36-8EF2D27456A9}.Release|Any CPU.Build.0 = Release|Any CPU
	EndGlobalSection
	GlobalSection(SolutionProperties) = preSolution
		HideSolutionNode = FALSE
	EndGlobalSection
	GlobalSection(ExtensibilityGlobals) = postSolution
		SolutionGuid = {A74FC2F9-A71E-408B-A981-E9FF1B935C13}
	EndGlobalSection
EndGlobal
