
Microsoft Visual Studio Solution File, Format Version 12.00
# Visual Studio Version 17
VisualStudioVersion = 17.7.34024.191
MinimumVisualStudioVersion = 10.0.40219.1
Project("{FAE04EC0-301F-11D3-BF4B-00C04F79EFBC}") = "TrianguloMetodo", "TrianguloMetodo\TrianguloMetodo.csproj", "{BE6BE12B-F360-4EDD-B8B0-AAF20924792B}"
EndProject
Global
	GlobalSection(SolutionConfigurationPlatforms) = preSolution
		Debug|Any CPU = Debug|Any CPU
		Release|Any CPU = Release|Any CPU
	EndGlobalSection
	GlobalSection(ProjectConfigurationPlatforms) = postSolution
		{BE6BE12B-F360-4EDD-B8B0-AAF20924792B}.Debug|Any CPU.ActiveCfg = Debug|Any CPU
		{BE6BE12B-F360-4EDD-B8B0-AAF20924792B}.Debug|Any CPU.Build.0 = Debug|Any CPU
		{BE6BE12B-F360-4EDD-B8B0-AAF20924792B}.Release|Any CPU.ActiveCfg = Release|Any CPU
		{BE6BE12B-F360-4EDD-B8B0-AAF20924792B}.Release|Any CPU.Build.0 = Release|Any CPU
	EndGlobalSection
	GlobalSection(SolutionProperties) = preSolution
		HideSolutionNode = FALSE
	EndGlobalSection
	GlobalSection(ExtensibilityGlobals) = postSolution
		SolutionGuid = {3E7FE8F7-FB86-408F-B435-1CBF9D9E1738}
	EndGlobalSection
EndGlobal
