
Microsoft Visual Studio Solution File, Format Version 12.00
# Visual Studio Version 17
VisualStudioVersion = 17.8.34330.188
MinimumVisualStudioVersion = 10.0.40219.1
Project("{FAE04EC0-301F-11D3-BF4B-00C04F79EFBC}") = "Properties", "Properties\Properties.csproj", "{572721B9-682B-4770-A765-16220BCDB294}"
EndProject
Global
	GlobalSection(SolutionConfigurationPlatforms) = preSolution
		Debug|Any CPU = Debug|Any CPU
		Release|Any CPU = Release|Any CPU
	EndGlobalSection
	GlobalSection(ProjectConfigurationPlatforms) = postSolution
		{572721B9-682B-4770-A765-16220BCDB294}.Debug|Any CPU.ActiveCfg = Debug|Any CPU
		{572721B9-682B-4770-A765-16220BCDB294}.Debug|Any CPU.Build.0 = Debug|Any CPU
		{572721B9-682B-4770-A765-16220BCDB294}.Release|Any CPU.ActiveCfg = Release|Any CPU
		{572721B9-682B-4770-A765-16220BCDB294}.Release|Any CPU.Build.0 = Release|Any CPU
	EndGlobalSection
	GlobalSection(SolutionProperties) = preSolution
		HideSolutionNode = FALSE
	EndGlobalSection
	GlobalSection(ExtensibilityGlobals) = postSolution
		SolutionGuid = {10CEF7AD-C563-410A-B958-3F7B82A83D01}
	EndGlobalSection
EndGlobal
